
Microsoft Visual Studio Solution File, Format Version 12.00
# Visual Studio Version 16
VisualStudioVersion = 16.0.29326.143
MinimumVisualStudioVersion = 10.0.40219.1
Project("{FAE04EC0-301F-11D3-BF4B-00C04F79EFBC}") = "DirectoryApp", "DirectoryApp.csproj", "{B76C3E47-A3DA-4E0A-8E42-130781BAD2D5}"
EndProject
Global
	GlobalSection(SolutionConfigurationPlatforms) = preSolution
		Debug|Any CPU = Debug|Any CPU
		Release|Any CPU = Release|Any CPU
	EndGlobalSection
	GlobalSection(ProjectConfigurationPlatforms) = postSolution
		{B76C3E47-A3DA-4E0A-8E42-130781BAD2D5}.Debug|Any CPU.ActiveCfg = Debug|Any CPU
		{B76C3E47-A3DA-4E0A-8E42-130781BAD2D5}.Debug|Any CPU.Build.0 = Debug|Any CPU
		{B76C3E47-A3DA-4E0A-8E42-130781BAD2D5}.Release|Any CPU.ActiveCfg = Release|Any CPU
		{B76C3E47-A3DA-4E0A-8E42-130781BAD2D5}.Release|Any CPU.Build.0 = Release|Any CPU
	EndGlobalSection
	GlobalSection(SolutionProperties) = preSolution
		HideSolutionNode = FALSE
	EndGlobalSection
	GlobalSection(ExtensibilityGlobals) = postSolution
		SolutionGuid = {710E081B-5538-467B-8105-2CFF4C7586F0}
	EndGlobalSection
EndGlobal
